// !$*UTF8*$!
{
	archiveVersion = 1;
	classes = {
	};
	objectVersion = 46;
	objects = {

/* Begin PBXBuildFile section */
		1C3945DF17E0AD31007EFB8B /* UIKit.framework in Frameworks */ = {isa = PBXBuildFile; fileRef = 1C3945DE17E0AD31007EFB8B /* UIKit.framework */; };
		1C3945E117E0AD31007EFB8B /* Foundation.framework in Frameworks */ = {isa = PBXBuildFile; fileRef = 1C3945E017E0AD31007EFB8B /* Foundation.framework */; };
		1C3945E317E0AD31007EFB8B /* CoreGraphics.framework in Frameworks */ = {isa = PBXBuildFile; fileRef = 1C3945E217E0AD31007EFB8B /* CoreGraphics.framework */; };
		1C3945E917E0AD31007EFB8B /* InfoPlist.strings in Resources */ = {isa = PBXBuildFile; fileRef = 1C3945E717E0AD31007EFB8B /* InfoPlist.strings */; };
		1C3945EB17E0AD31007EFB8B /* main.m in Sources */ = {isa = PBXBuildFile; fileRef = 1C3945EA17E0AD31007EFB8B /* main.m */; };
		1C3945EF17E0AD31007EFB8B /* AppDelegate.m in Sources */ = {isa = PBXBuildFile; fileRef = 1C3945EE17E0AD31007EFB8B /* AppDelegate.m */; };
		1C3945F117E0AD31007EFB8B /* Default.png in Resources */ = {isa = PBXBuildFile; fileRef = 1C3945F017E0AD31007EFB8B /* Default.png */; };
		1C3945F317E0AD31007EFB8B /* Default@2x.png in Resources */ = {isa = PBXBuildFile; fileRef = 1C3945F217E0AD31007EFB8B /* Default@2x.png */; };
		1C3945F517E0AD31007EFB8B /* Default-568h@2x.png in Resources */ = {isa = PBXBuildFile; fileRef = 1C3945F417E0AD31007EFB8B /* Default-568h@2x.png */; };
		1C3945F817E0AD31007EFB8B /* MainStoryboard_iPhone.storyboard in Resources */ = {isa = PBXBuildFile; fileRef = 1C3945F617E0AD31007EFB8B /* MainStoryboard_iPhone.storyboard */; };
		1C3945FB17E0AD31007EFB8B /* MainStoryboard_iPad.storyboard in Resources */ = {isa = PBXBuildFile; fileRef = 1C3945F917E0AD31007EFB8B /* MainStoryboard_iPad.storyboard */; };
		1C3945FE17E0AD31007EFB8B /* ViewController.m in Sources */ = {isa = PBXBuildFile; fileRef = 1C3945FD17E0AD31007EFB8B /* ViewController.m */; };
/* End PBXBuildFile section */

/* Begin PBXFileReference section */
		1C3945DB17E0AD31007EFB8B /* xmlParseSample.app */ = {isa = PBXFileReference; explicitFileType = wrapper.application; includeInIndex = 0; path = xmlParseSample.app; sourceTree = BUILT_PRODUCTS_DIR; };
		1C3945DE17E0AD31007EFB8B /* UIKit.framework */ = {isa = PBXFileReference; lastKnownFileType = wrapper.framework; name = UIKit.framework; path = System/Library/Frameworks/UIKit.framework; sourceTree = SDKROOT; };
		1C3945E017E0AD31007EFB8B /* Foundation.framework */ = {isa = PBXFileReference; lastKnownFileType = wrapper.framework; name = Foundation.framework; path = System/Library/Frameworks/Foundation.framework; sourceTree = SDKROOT; };
		1C3945E217E0AD31007EFB8B /* CoreGraphics.framework */ = {isa = PBXFileReference; lastKnownFileType = wrapper.framework; name = CoreGraphics.framework; path = System/Library/Frameworks/CoreGraphics.framework; sourceTree = SDKROOT; };
		1C3945E617E0AD31007EFB8B /* xmlParseSample-Info.plist */ = {isa = PBXFileReference; lastKnownFileType = text.plist.xml; path = "xmlParseSample-Info.plist"; sourceTree = "<group>"; };
		1C3945E817E0AD31007EFB8B /* en */ = {isa = PBXFileReference; lastKnownFileType = text.plist.strings; name = en; path = en.lproj/InfoPlist.strings; sourceTree = "<group>"; };
		1C3945EA17E0AD31007EFB8B /* main.m */ = {isa = PBXFileReference; lastKnownFileType = sourcecode.c.objc; path = main.m; sourceTree = "<group>"; };
		1C3945EC17E0AD31007EFB8B /* xmlParseSample-Prefix.pch */ = {isa = PBXFileReference; lastKnownFileType = sourcecode.c.h; path = "xmlParseSample-Prefix.pch"; sourceTree = "<group>"; };
		1C3945ED17E0AD31007EFB8B /* AppDelegate.h */ = {isa = PBXFileReference; lastKnownFileType = sourcecode.c.h; path = AppDelegate.h; sourceTree = "<group>"; };
		1C3945EE17E0AD31007EFB8B /* AppDelegate.m */ = {isa = PBXFileReference; lastKnownFileType = sourcecode.c.objc; path = AppDelegate.m; sourceTree = "<group>"; };
		1C3945F017E0AD31007EFB8B /* Default.png */ = {isa = PBXFileReference; lastKnownFileType = image.png; path = Default.png; sourceTree = "<group>"; };
		1C3945F217E0AD31007EFB8B /* Default@2x.png */ = {isa = PBXFileReference; lastKnownFileType = image.png; path = "Default@2x.png"; sourceTree = "<group>"; };
		1C3945F417E0AD31007EFB8B /* Default-568h@2x.png */ = {isa = PBXFileReference; lastKnownFileType = image.png; path = "Default-568h@2x.png"; sourceTree = "<group>"; };
		1C3945F717E0AD31007EFB8B /* en */ = {isa = PBXFileReference; lastKnownFileType = file.storyboard; name = en; path = en.lproj/MainStoryboard_iPhone.storyboard; sourceTree = "<group>"; };
		1C3945FA17E0AD31007EFB8B /* en */ = {isa = PBXFileReference; lastKnownFileType = file.storyboard; name = en; path = en.lproj/MainStoryboard_iPad.storyboard; sourceTree = "<group>"; };
		1C3945FC17E0AD31007EFB8B /* ViewController.h */ = {isa = PBXFileReference; lastKnownFileType = sourcecode.c.h; path = ViewController.h; sourceTree = "<group>"; };
		1C3945FD17E0AD31007EFB8B /* ViewController.m */ = {isa = PBXFileReference; lastKnownFileType = sourcecode.c.objc; path = ViewController.m; sourceTree = "<group>"; };
/* End PBXFileReference section */

/* Begin PBXFrameworksBuildPhase section */
		1C3945D817E0AD31007EFB8B /* Frameworks */ = {
			isa = PBXFrameworksBuildPhase;
			buildActionMask = 2147483647;
			files = (
				1C3945DF17E0AD31007EFB8B /* UIKit.framework in Frameworks */,
				1C3945E117E0AD31007EFB8B /* Foundation.framework in Frameworks */,
				1C3945E317E0AD31007EFB8B /* CoreGraphics.framework in Frameworks */,
			);
			runOnlyForDeploymentPostprocessing = 0;
		};
/* End PBXFrameworksBuildPhase section */

/* Begin PBXGroup section */
		1C3945D217E0AD31007EFB8B = {
			isa = PBXGroup;
			children = (
				1C3945E417E0AD31007EFB8B /* xmlParseSample */,
				1C3945DD17E0AD31007EFB8B /* Frameworks */,
				1C3945DC17E0AD31007EFB8B /* Products */,
			);
			sourceTree = "<group>";
		};
		1C3945DC17E0AD31007EFB8B /* Products */ = {
			isa = PBXGroup;
			children = (
				1C3945DB17E0AD31007EFB8B /* xmlParseSample.app */,
			);
			name = Products;
			sourceTree = "<group>";
		};
		1C3945DD17E0AD31007EFB8B /* Frameworks */ = {
			isa = PBXGroup;
			children = (
				1C3945DE17E0AD31007EFB8B /* UIKit.framework */,
				1C3945E017E0AD31007EFB8B /* Foundation.framework */,
				1C3945E217E0AD31007EFB8B /* CoreGraphics.framework */,
			);
			name = Frameworks;
			sourceTree = "<group>";
		};
		1C3945E417E0AD31007EFB8B /* xmlParseSample */ = {
			isa = PBXGroup;
			children = (
				1C3945ED17E0AD31007EFB8B /* AppDelegate.h */,
				1C3945EE17E0AD31007EFB8B /* AppDelegate.m */,
				1C3945F617E0AD31007EFB8B /* MainStoryboard_iPhone.storyboard */,
				1C3945F917E0AD31007EFB8B /* MainStoryboard_iPad.storyboard */,
				1C3945FC17E0AD31007EFB8B /* ViewController.h */,
				1C3945FD17E0AD31007EFB8B /* ViewController.m */,
				1C3945E517E0AD31007EFB8B /* Supporting Files */,
			);
			path = xmlParseSample;
			sourceTree = "<group>";
		};
		1C3945E517E0AD31007EFB8B /* Supporting Files */ = {
			isa = PBXGroup;
			children = (
				1C3945E617E0AD31007EFB8B /* xmlParseSample-Info.plist */,
				1C3945E717E0AD31007EFB8B /* InfoPlist.strings */,
				1C3945EA17E0AD31007EFB8B /* main.m */,
				1C3945EC17E0AD31007EFB8B /* xmlParseSample-Prefix.pch */,
				1C3945F017E0AD31007EFB8B /* Default.png */,
				1C3945F217E0AD31007EFB8B /* Default@2x.png */,
				1C3945F417E0AD31007EFB8B /* Default-568h@2x.png */,
			);
			name = "Supporting Files";
			sourceTree = "<group>";
		};
/* End PBXGroup section */

/* Begin PBXNativeTarget section */
		1C3945DA17E0AD31007EFB8B /* xmlParseSample */ = {
			isa = PBXNativeTarget;
			buildConfigurationList = 1C39460117E0AD31007EFB8B /* Build configuration list for PBXNativeTarget "xmlParseSample" */;
			buildPhases = (
				1C3945D717E0AD31007EFB8B /* Sources */,
				1C3945D817E0AD31007EFB8B /* Frameworks */,
				1C3945D917E0AD31007EFB8B /* Resources */,
			);
			buildRules = (
			);
			dependencies = (
			);
			name = xmlParseSample;
			productName = xmlParseSample;
			productReference = 1C3945DB17E0AD31007EFB8B /* xmlParseSample.app */;
			productType = "com.apple.product-type.application";
		};
/* End PBXNativeTarget section */

/* Begin PBXProject section */
		1C3945D317E0AD31007EFB8B /* Project object */ = {
			isa = PBXProject;
			attributes = {
				LastUpgradeCheck = 0460;
				ORGANIZATIONNAME = ZKR;
			};
			buildConfigurationList = 1C3945D617E0AD31007EFB8B /* Build configuration list for PBXProject "xmlParseSample" */;
			compatibilityVersion = "Xcode 3.2";
			developmentRegion = English;
			hasScannedForEncodings = 0;
			knownRegions = (
				en,
			);
			mainGroup = 1C3945D217E0AD31007EFB8B;
			productRefGroup = 1C3945DC17E0AD31007EFB8B /* Products */;
			projectDirPath = "";
			projectRoot = "";
			targets = (
				1C3945DA17E0AD31007EFB8B /* xmlParseSample */,
			);
		};
/* End PBXProject section */

/* Begin PBXResourcesBuildPhase section */
		1C3945D917E0AD31007EFB8B /* Resources */ = {
			isa = PBXResourcesBuildPhase;
			buildActionMask = 2147483647;
			files = (
				1C3945E917E0AD31007EFB8B /* InfoPlist.strings in Resources */,
				1C3945F117E0AD31007EFB8B /* Default.png in Resources */,
				1C3945F317E0AD31007EFB8B /* Default@2x.png in Resources */,
				1C3945F517E0AD31007EFB8B /* Default-568h@2x.png in Resources */,
				1C3945F817E0AD31007EFB8B /* MainStoryboard_iPhone.storyboard in Resources */,
				1C3945FB17E0AD31007EFB8B /* MainStoryboard_iPad.storyboard in Resources */,
			);
			runOnlyForDeploymentPostprocessing = 0;
		};
/* End PBXResourcesBuildPhase section */

/* Begin PBXSourcesBuildPhase section */
		1C3945D717E0AD31007EFB8B /* Sources */ = {
			isa = PBXSourcesBuildPhase;
			buildActionMask = 2147483647;
			files = (
				1C3945EB17E0AD31007EFB8B /* main.m in Sources */,
				1C3945EF17E0AD31007EFB8B /* AppDelegate.m in Sources */,
				1C3945FE17E0AD31007EFB8B /* ViewController.m in Sources */,
			);
			runOnlyForDeploymentPostprocessing = 0;
		};
/* End PBXSourcesBuildPhase section */

/* Begin PBXVariantGroup section */
		1C3945E717E0AD31007EFB8B /* InfoPlist.strings */ = {
			isa = PBXVariantGroup;
			children = (
				1C3945E817E0AD31007EFB8B /* en */,
			);
			name = InfoPlist.strings;
			sourceTree = "<group>";
		};
		1C3945F617E0AD31007EFB8B /* MainStoryboard_iPhone.storyboard */ = {
			isa = PBXVariantGroup;
			children = (
				1C3945F717E0AD31007EFB8B /* en */,
			);
			name = MainStoryboard_iPhone.storyboard;
			sourceTree = "<group>";
		};
		1C3945F917E0AD31007EFB8B /* MainStoryboard_iPad.storyboard */ = {
			isa = PBXVariantGroup;
			children = (
				1C3945FA17E0AD31007EFB8B /* en */,
			);
			name = MainStoryboard_iPad.storyboard;
			sourceTree = "<group>";
		};
/* End PBXVariantGroup section */

/* Begin XCBuildConfiguration section */
		1C3945FF17E0AD31007EFB8B /* Debug */ = {
			isa = XCBuildConfiguration;
			buildSettings = {
				ALWAYS_SEARCH_USER_PATHS = NO;
				CLANG_CXX_LANGUAGE_STANDARD = "gnu++0x";
				CLANG_CXX_LIBRARY = "libc++";
				CLANG_WARN_CONSTANT_CONVERSION = YES;
				CLANG_WARN_EMPTY_BODY = YES;
				CLANG_WARN_ENUM_CONVERSION = YES;
				CLANG_WARN_INT_CONVERSION = YES;
				CLANG_WARN__DUPLICATE_METHOD_MATCH = YES;
				"CODE_SIGN_IDENTITY[sdk=iphoneos*]" = "iPhone Developer";
				COPY_PHASE_STRIP = NO;
				GCC_C_LANGUAGE_STANDARD = gnu99;
				GCC_DYNAMIC_NO_PIC = NO;
				GCC_OPTIMIZATION_LEVEL = 0;
				GCC_PREPROCESSOR_DEFINITIONS = (
					"DEBUG=1",
					"$(inherited)",
				);
				GCC_SYMBOLS_PRIVATE_EXTERN = NO;
				GCC_WARN_ABOUT_RETURN_TYPE = YES;
				GCC_WARN_UNINITIALIZED_AUTOS = YES;
				GCC_WARN_UNUSED_VARIABLE = YES;
				IPHONEOS_DEPLOYMENT_TARGET = 6.1;
				ONLY_ACTIVE_ARCH = YES;
				SDKROOT = iphoneos;
				TARGETED_DEVICE_FAMILY = "1,2";
			};
			name = Debug;
		};
		1C39460017E0AD31007EFB8B /* Release */ = {
			isa = XCBuildConfiguration;
			buildSettings = {
				ALWAYS_SEARCH_USER_PATHS = NO;
				CLANG_CXX_LANGUAGE_STANDARD = "gnu++0x";
				CLANG_CXX_LIBRARY = "libc++";
				CLANG_WARN_CONSTANT_CONVERSION = YES;
				CLANG_WARN_EMPTY_BODY = YES;
				CLANG_WARN_ENUM_CONVERSION = YES;
				CLANG_WARN_INT_CONVERSION = YES;
				CLANG_WARN__DUPLICATE_METHOD_MATCH = YES;
				"CODE_SIGN_IDENTITY[sdk=iphoneos*]" = "iPhone Developer";
				COPY_PHASE_STRIP = YES;
				GCC_C_LANGUAGE_STANDARD = gnu99;
				GCC_WARN_ABOUT_RETURN_TYPE = YES;
				GCC_WARN_UNINITIALIZED_AUTOS = YES;
				GCC_WARN_UNUSED_VARIABLE = YES;
				IPHONEOS_DEPLOYMENT_TARGET = 6.1;
				OTHER_CFLAGS = "-DNS_BLOCK_ASSERTIONS=1";
				SDKROOT = iphoneos;
				TARGETED_DEVICE_FAMILY = "1,2";
				VALIDATE_PRODUCT = YES;
			};
			name = Release;
		};
		1C39460217E0AD31007EFB8B /* Debug */ = {
			isa = XCBuildConfiguration;
			buildSettings = {
				GCC_PRECOMPILE_PREFIX_HEADER = YES;
				GCC_PREFIX_HEADER = "xmlParseSample/xmlParseSample-Prefix.pch";
				INFOPLIST_FILE = "xmlParseSample/xmlParseSample-Info.plist";
				PRODUCT_NAME = "$(TARGET_NAME)";
				WRAPPER_EXTENSION = app;
			};
			name = Debug;
		};
		1C39460317E0AD31007EFB8B /* Release */ = {
			isa = XCBuildConfiguration;
			buildSettings = {
				GCC_PRECOMPILE_PREFIX_HEADER = YES;
				GCC_PREFIX_HEADER = "xmlParseSample/xmlParseSample-Prefix.pch";
				INFOPLIST_FILE = "xmlParseSample/xmlParseSample-Info.plist";
				PRODUCT_NAME = "$(TARGET_NAME)";
				WRAPPER_EXTENSION = app;
			};
			name = Release;
		};
/* End XCBuildConfiguration section */

/* Begin XCConfigurationList section */
		1C3945D617E0AD31007EFB8B /* Build configuration list for PBXProject "xmlParseSample" */ = {
			isa = XCConfigurationList;
			buildConfigurations = (
				1C3945FF17E0AD31007EFB8B /* Debug */,
				1C39460017E0AD31007EFB8B /* Release */,
			);
			defaultConfigurationIsVisible = 0;
			defaultConfigurationName = Release;
		};
		1C39460117E0AD31007EFB8B /* Build configuration list for PBXNativeTarget "xmlParseSample" */ = {
			isa = XCConfigurationList;
			buildConfigurations = (
				1C39460217E0AD31007EFB8B /* Debug */,
				1C39460317E0AD31007EFB8B /* Release */,
			);
			defaultConfigurationIsVisible = 0;
		};
/* End XCConfigurationList section */
	};
	rootObject = 1C3945D317E0AD31007EFB8B /* Project object */;
}
